
Microsoft Visual Studio Solution File, Format Version 12.00
# Visual Studio Version 16
VisualStudioVersion = 16.0.31515.178
MinimumVisualStudioVersion = 10.0.40219.1
Project("{FAE04EC0-301F-11D3-BF4B-00C04F79EFBC}") = "SegundoProblemaExemplo", "SegundoProblemaExemplo\SegundoProblemaExemplo.csproj", "{A0612778-698D-4B04-985B-74B60A49EF91}"
EndProject
Global
	GlobalSection(SolutionConfigurationPlatforms) = preSolution
		Debug|Any CPU = Debug|Any CPU
		Release|Any CPU = Release|Any CPU
	EndGlobalSection
	GlobalSection(ProjectConfigurationPlatforms) = postSolution
		{A0612778-698D-4B04-985B-74B60A49EF91}.Debug|Any CPU.ActiveCfg = Debug|Any CPU
		{A0612778-698D-4B04-985B-74B60A49EF91}.Debug|Any CPU.Build.0 = Debug|Any CPU
		{A0612778-698D-4B04-985B-74B60A49EF91}.Release|Any CPU.ActiveCfg = Release|Any CPU
		{A0612778-698D-4B04-985B-74B60A49EF91}.Release|Any CPU.Build.0 = Release|Any CPU
	EndGlobalSection
	GlobalSection(SolutionProperties) = preSolution
		HideSolutionNode = FALSE
	EndGlobalSection
	GlobalSection(ExtensibilityGlobals) = postSolution
		SolutionGuid = {39679376-223E-4B1F-88BF-CD2C8014FCC7}
	EndGlobalSection
EndGlobal
