
Microsoft Visual Studio Solution File, Format Version 12.00
# Visual Studio Version 16
VisualStudioVersion = 16.0.31515.178
MinimumVisualStudioVersion = 10.0.40219.1
Project("{FAE04EC0-301F-11D3-BF4B-00C04F79EFBC}") = "EntradaDadosParte1", "EntradaDadosParte1\EntradaDadosParte1.csproj", "{E99E6754-F4AA-48F3-A3BB-913C8415E4F4}"
EndProject
Global
	GlobalSection(SolutionConfigurationPlatforms) = preSolution
		Debug|Any CPU = Debug|Any CPU
		Release|Any CPU = Release|Any CPU
	EndGlobalSection
	GlobalSection(ProjectConfigurationPlatforms) = postSolution
		{E99E6754-F4AA-48F3-A3BB-913C8415E4F4}.Debug|Any CPU.ActiveCfg = Debug|Any CPU
		{E99E6754-F4AA-48F3-A3BB-913C8415E4F4}.Debug|Any CPU.Build.0 = Debug|Any CPU
		{E99E6754-F4AA-48F3-A3BB-913C8415E4F4}.Release|Any CPU.ActiveCfg = Release|Any CPU
		{E99E6754-F4AA-48F3-A3BB-913C8415E4F4}.Release|Any CPU.Build.0 = Release|Any CPU
	EndGlobalSection
	GlobalSection(SolutionProperties) = preSolution
		HideSolutionNode = FALSE
	EndGlobalSection
	GlobalSection(ExtensibilityGlobals) = postSolution
		SolutionGuid = {0260D924-A1A4-4A6A-8B1F-9F413B3ADF60}
	EndGlobalSection
EndGlobal
