
Microsoft Visual Studio Solution File, Format Version 12.00
# Visual Studio Version 16
VisualStudioVersion = 16.0.31515.178
MinimumVisualStudioVersion = 10.0.40219.1
Project("{FAE04EC0-301F-11D3-BF4B-00C04F79EFBC}") = "Conjuntos", "Conjuntos\Conjuntos.csproj", "{C0D70D47-29E4-4154-9E92-7967C27FE75C}"
EndProject
Global
	GlobalSection(SolutionConfigurationPlatforms) = preSolution
		Debug|Any CPU = Debug|Any CPU
		Release|Any CPU = Release|Any CPU
	EndGlobalSection
	GlobalSection(ProjectConfigurationPlatforms) = postSolution
		{C0D70D47-29E4-4154-9E92-7967C27FE75C}.Debug|Any CPU.ActiveCfg = Debug|Any CPU
		{C0D70D47-29E4-4154-9E92-7967C27FE75C}.Debug|Any CPU.Build.0 = Debug|Any CPU
		{C0D70D47-29E4-4154-9E92-7967C27FE75C}.Release|Any CPU.ActiveCfg = Release|Any CPU
		{C0D70D47-29E4-4154-9E92-7967C27FE75C}.Release|Any CPU.Build.0 = Release|Any CPU
	EndGlobalSection
	GlobalSection(SolutionProperties) = preSolution
		HideSolutionNode = FALSE
	EndGlobalSection
	GlobalSection(ExtensibilityGlobals) = postSolution
		SolutionGuid = {2C6FD668-7D17-42A4-88B4-258BBC4D030F}
	EndGlobalSection
EndGlobal
