
Microsoft Visual Studio Solution File, Format Version 12.00
# Visual Studio Version 16
VisualStudioVersion = 16.0.31515.178
MinimumVisualStudioVersion = 10.0.40219.1
Project("{FAE04EC0-301F-11D3-BF4B-00C04F79EFBC}") = "exercicioProposto3", "exercicioProposto3\exercicioProposto3.csproj", "{700670FE-9E34-4650-BE33-D8EBEDC6D182}"
EndProject
Global
	GlobalSection(SolutionConfigurationPlatforms) = preSolution
		Debug|Any CPU = Debug|Any CPU
		Release|Any CPU = Release|Any CPU
	EndGlobalSection
	GlobalSection(ProjectConfigurationPlatforms) = postSolution
		{700670FE-9E34-4650-BE33-D8EBEDC6D182}.Debug|Any CPU.ActiveCfg = Debug|Any CPU
		{700670FE-9E34-4650-BE33-D8EBEDC6D182}.Debug|Any CPU.Build.0 = Debug|Any CPU
		{700670FE-9E34-4650-BE33-D8EBEDC6D182}.Release|Any CPU.ActiveCfg = Release|Any CPU
		{700670FE-9E34-4650-BE33-D8EBEDC6D182}.Release|Any CPU.Build.0 = Release|Any CPU
	EndGlobalSection
	GlobalSection(SolutionProperties) = preSolution
		HideSolutionNode = FALSE
	EndGlobalSection
	GlobalSection(ExtensibilityGlobals) = postSolution
		SolutionGuid = {310B0219-E096-476D-A64B-114CEDC915F5}
	EndGlobalSection
EndGlobal
