
Microsoft Visual Studio Solution File, Format Version 12.00
# Visual Studio Version 16
VisualStudioVersion = 16.0.31515.178
MinimumVisualStudioVersion = 10.0.40219.1
Project("{FAE04EC0-301F-11D3-BF4B-00C04F79EFBC}") = "FuncoesString", "FuncoesString\FuncoesString.csproj", "{EEB57A87-53A4-4B6E-B9B5-30C4330191A3}"
EndProject
Global
	GlobalSection(SolutionConfigurationPlatforms) = preSolution
		Debug|Any CPU = Debug|Any CPU
		Release|Any CPU = Release|Any CPU
	EndGlobalSection
	GlobalSection(ProjectConfigurationPlatforms) = postSolution
		{EEB57A87-53A4-4B6E-B9B5-30C4330191A3}.Debug|Any CPU.ActiveCfg = Debug|Any CPU
		{EEB57A87-53A4-4B6E-B9B5-30C4330191A3}.Debug|Any CPU.Build.0 = Debug|Any CPU
		{EEB57A87-53A4-4B6E-B9B5-30C4330191A3}.Release|Any CPU.ActiveCfg = Release|Any CPU
		{EEB57A87-53A4-4B6E-B9B5-30C4330191A3}.Release|Any CPU.Build.0 = Release|Any CPU
	EndGlobalSection
	GlobalSection(SolutionProperties) = preSolution
		HideSolutionNode = FALSE
	EndGlobalSection
	GlobalSection(ExtensibilityGlobals) = postSolution
		SolutionGuid = {E51CED78-92A1-45A4-B512-7EB08C468AFA}
	EndGlobalSection
EndGlobal
