
Microsoft Visual Studio Solution File, Format Version 12.00
# Visual Studio Version 16
VisualStudioVersion = 16.0.31515.178
MinimumVisualStudioVersion = 10.0.40219.1
Project("{FAE04EC0-301F-11D3-BF4B-00C04F79EFBC}") = "Composicao", "Composicao\Composicao.csproj", "{C61EF02E-107B-4A31-974E-678BED6AAD54}"
EndProject
Global
	GlobalSection(SolutionConfigurationPlatforms) = preSolution
		Debug|Any CPU = Debug|Any CPU
		Release|Any CPU = Release|Any CPU
	EndGlobalSection
	GlobalSection(ProjectConfigurationPlatforms) = postSolution
		{C61EF02E-107B-4A31-974E-678BED6AAD54}.Debug|Any CPU.ActiveCfg = Debug|Any CPU
		{C61EF02E-107B-4A31-974E-678BED6AAD54}.Debug|Any CPU.Build.0 = Debug|Any CPU
		{C61EF02E-107B-4A31-974E-678BED6AAD54}.Release|Any CPU.ActiveCfg = Release|Any CPU
		{C61EF02E-107B-4A31-974E-678BED6AAD54}.Release|Any CPU.Build.0 = Release|Any CPU
	EndGlobalSection
	GlobalSection(SolutionProperties) = preSolution
		HideSolutionNode = FALSE
	EndGlobalSection
	GlobalSection(ExtensibilityGlobals) = postSolution
		SolutionGuid = {1E77264C-7C76-4317-A141-8FB066D7CD59}
	EndGlobalSection
EndGlobal
